// !$*UTF8*$!
{
	archiveVersion = 1;
	classes = {
	};
	objectVersion = 50;
	objects = {

/* Begin PBXBuildFile section */
		460EF0D72692E8F000CCC52D /* AppDelegate.swift in Sources */ = {isa = PBXBuildFile; fileRef = 460EF0D62692E8F000CCC52D /* AppDelegate.swift */; };
		460EF0D92692E8F000CCC52D /* SceneDelegate.swift in Sources */ = {isa = PBXBuildFile; fileRef = 460EF0D82692E8F000CCC52D /* SceneDelegate.swift */; };
		460EF0DB2692E8F000CCC52D /* PlayListViewController.swift in Sources */ = {isa = PBXBuildFile; fileRef = 460EF0DA2692E8F000CCC52D /* PlayListViewController.swift */; };
		460EF0E02692E8F200CCC52D /* Assets.xcassets in Resources */ = {isa = PBXBuildFile; fileRef = 460EF0DF2692E8F200CCC52D /* Assets.xcassets */; };
		460EF0E32692E8F200CCC52D /* LaunchScreen.storyboard in Resources */ = {isa = PBXBuildFile; fileRef = 460EF0E12692E8F200CCC52D /* LaunchScreen.storyboard */; };
		4624FDE226CE239500699F4A /* PlayList.json in Resources */ = {isa = PBXBuildFile; fileRef = 4624FDE126CE239500699F4A /* PlayList.json */; };
		4657BE4727069CFB004FCC0B /* MusicCellTests.swift in Sources */ = {isa = PBXBuildFile; fileRef = 4657BE4627069CFB004FCC0B /* MusicCellTests.swift */; };
		4657BE4C2706D30D004FCC0B /* MusicTests.swift in Sources */ = {isa = PBXBuildFile; fileRef = 4657BE4B2706D30D004FCC0B /* MusicTests.swift */; };
		46838E8426C29129005C5DBE /* MusicCell.swift in Sources */ = {isa = PBXBuildFile; fileRef = 46838E8326C29129005C5DBE /* MusicCell.swift */; };
		46926A2126B0F29700C0265F /* MockedData.json in Resources */ = {isa = PBXBuildFile; fileRef = 46926A2026B0F29700C0265F /* MockedData.json */; };
		46926A4226B0F76E00C0265F /* NetworkMonitor.swift in Sources */ = {isa = PBXBuildFile; fileRef = 46926A4126B0F76E00C0265F /* NetworkMonitor.swift */; };
		469826C626C0E8480037B52C /* Music.swift in Sources */ = {isa = PBXBuildFile; fileRef = 469826C526C0E8480037B52C /* Music.swift */; };
		46C3F95526DCC4C300AAAAF1 /* FLOMusicPlayerNetworkingTests.swift in Sources */ = {isa = PBXBuildFile; fileRef = 46C3F95426DCC4C300AAAAF1 /* FLOMusicPlayerNetworkingTests.swift */; };
		46C3F98026DCCBC600AAAAF1 /* PlayListViewControllerTests.swift in Sources */ = {isa = PBXBuildFile; fileRef = 46C3F97F26DCCBC600AAAAF1 /* PlayListViewControllerTests.swift */; };
		46C63A5F26B3C2C400207E71 /* MockedURLSession.swift in Sources */ = {isa = PBXBuildFile; fileRef = 46C63A5E26B3C2C400207E71 /* MockedURLSession.swift */; };
		46C63A6526B4BE5300207E71 /* WebServices.swift in Sources */ = {isa = PBXBuildFile; fileRef = 46C63A6426B4BE5300207E71 /* WebServices.swift */; };
		46C6C8C3270446620043D730 /* PlayListDataSource.swift in Sources */ = {isa = PBXBuildFile; fileRef = 46C6C8C2270446620043D730 /* PlayListDataSource.swift */; };
		46F4571E27043EC500D8B080 /* PlayListDataSourceTests.swift in Sources */ = {isa = PBXBuildFile; fileRef = 46F4571D27043EC500D8B080 /* PlayListDataSourceTests.swift */; };
/* End PBXBuildFile section */

/* Begin PBXContainerItemProxy section */
		46C3F95726DCC4C300AAAAF1 /* PBXContainerItemProxy */ = {
			isa = PBXContainerItemProxy;
			containerPortal = 460EF0CB2692E8F000CCC52D /* Project object */;
			proxyType = 1;
			remoteGlobalIDString = 460EF0D22692E8F000CCC52D;
			remoteInfo = FLOMusicPlayer;
		};
		46C3F98226DCCBC600AAAAF1 /* PBXContainerItemProxy */ = {
			isa = PBXContainerItemProxy;
			containerPortal = 460EF0CB2692E8F000CCC52D /* Project object */;
			proxyType = 1;
			remoteGlobalIDString = 460EF0D22692E8F000CCC52D;
			remoteInfo = FLOMusicPlayer;
		};
/* End PBXContainerItemProxy section */

/* Begin PBXFileReference section */
		460EF0D32692E8F000CCC52D /* FLOMusicPlayer.app */ = {isa = PBXFileReference; explicitFileType = wrapper.application; includeInIndex = 0; path = FLOMusicPlayer.app; sourceTree = BUILT_PRODUCTS_DIR; };
		460EF0D62692E8F000CCC52D /* AppDelegate.swift */ = {isa = PBXFileReference; lastKnownFileType = sourcecode.swift; path = AppDelegate.swift; sourceTree = "<group>"; };
		460EF0D82692E8F000CCC52D /* SceneDelegate.swift */ = {isa = PBXFileReference; lastKnownFileType = sourcecode.swift; path = SceneDelegate.swift; sourceTree = "<group>"; };
		460EF0DA2692E8F000CCC52D /* PlayListViewController.swift */ = {isa = PBXFileReference; lastKnownFileType = sourcecode.swift; path = PlayListViewController.swift; sourceTree = "<group>"; };
		460EF0DF2692E8F200CCC52D /* Assets.xcassets */ = {isa = PBXFileReference; lastKnownFileType = folder.assetcatalog; path = Assets.xcassets; sourceTree = "<group>"; };
		460EF0E22692E8F200CCC52D /* Base */ = {isa = PBXFileReference; lastKnownFileType = file.storyboard; name = Base; path = Base.lproj/LaunchScreen.storyboard; sourceTree = "<group>"; };
		460EF0E42692E8F200CCC52D /* Info.plist */ = {isa = PBXFileReference; lastKnownFileType = text.plist.xml; path = Info.plist; sourceTree = "<group>"; };
		4624FDE126CE239500699F4A /* PlayList.json */ = {isa = PBXFileReference; lastKnownFileType = text.json; path = PlayList.json; sourceTree = "<group>"; };
		4657BE4627069CFB004FCC0B /* MusicCellTests.swift */ = {isa = PBXFileReference; lastKnownFileType = sourcecode.swift; path = MusicCellTests.swift; sourceTree = "<group>"; };
		4657BE4B2706D30D004FCC0B /* MusicTests.swift */ = {isa = PBXFileReference; lastKnownFileType = sourcecode.swift; path = MusicTests.swift; sourceTree = "<group>"; };
		46838E8326C29129005C5DBE /* MusicCell.swift */ = {isa = PBXFileReference; lastKnownFileType = sourcecode.swift; path = MusicCell.swift; sourceTree = "<group>"; };
		46926A2026B0F29700C0265F /* MockedData.json */ = {isa = PBXFileReference; lastKnownFileType = text.json; path = MockedData.json; sourceTree = "<group>"; };
		46926A4126B0F76E00C0265F /* NetworkMonitor.swift */ = {isa = PBXFileReference; lastKnownFileType = sourcecode.swift; path = NetworkMonitor.swift; sourceTree = "<group>"; };
		469826C526C0E8480037B52C /* Music.swift */ = {isa = PBXFileReference; lastKnownFileType = sourcecode.swift; path = Music.swift; sourceTree = "<group>"; };
		46C3F95226DCC4C300AAAAF1 /* FLOMusicPlayerNetworkingTests.xctest */ = {isa = PBXFileReference; explicitFileType = wrapper.cfbundle; includeInIndex = 0; path = FLOMusicPlayerNetworkingTests.xctest; sourceTree = BUILT_PRODUCTS_DIR; };
		46C3F95426DCC4C300AAAAF1 /* FLOMusicPlayerNetworkingTests.swift */ = {isa = PBXFileReference; lastKnownFileType = sourcecode.swift; path = FLOMusicPlayerNetworkingTests.swift; sourceTree = "<group>"; };
		46C3F95626DCC4C300AAAAF1 /* Info.plist */ = {isa = PBXFileReference; lastKnownFileType = text.plist.xml; path = Info.plist; sourceTree = "<group>"; };
		46C3F97D26DCCBC600AAAAF1 /* PlayListViewControllerTests.xctest */ = {isa = PBXFileReference; explicitFileType = wrapper.cfbundle; includeInIndex = 0; path = PlayListViewControllerTests.xctest; sourceTree = BUILT_PRODUCTS_DIR; };
		46C3F97F26DCCBC600AAAAF1 /* PlayListViewControllerTests.swift */ = {isa = PBXFileReference; lastKnownFileType = sourcecode.swift; path = PlayListViewControllerTests.swift; sourceTree = "<group>"; };
		46C3F98126DCCBC600AAAAF1 /* Info.plist */ = {isa = PBXFileReference; lastKnownFileType = text.plist.xml; path = Info.plist; sourceTree = "<group>"; };
		46C63A5E26B3C2C400207E71 /* MockedURLSession.swift */ = {isa = PBXFileReference; lastKnownFileType = sourcecode.swift; path = MockedURLSession.swift; sourceTree = "<group>"; };
		46C63A6426B4BE5300207E71 /* WebServices.swift */ = {isa = PBXFileReference; lastKnownFileType = sourcecode.swift; path = WebServices.swift; sourceTree = "<group>"; };
		46C6C8C2270446620043D730 /* PlayListDataSource.swift */ = {isa = PBXFileReference; lastKnownFileType = sourcecode.swift; path = PlayListDataSource.swift; sourceTree = "<group>"; };
		46F4571D27043EC500D8B080 /* PlayListDataSourceTests.swift */ = {isa = PBXFileReference; lastKnownFileType = sourcecode.swift; path = PlayListDataSourceTests.swift; sourceTree = "<group>"; };
/* End PBXFileReference section */

/* Begin PBXFrameworksBuildPhase section */
		460EF0D02692E8F000CCC52D /* Frameworks */ = {
			isa = PBXFrameworksBuildPhase;
			buildActionMask = 2147483647;
			files = (
			);
			runOnlyForDeploymentPostprocessing = 0;
		};
		46C3F94F26DCC4C300AAAAF1 /* Frameworks */ = {
			isa = PBXFrameworksBuildPhase;
			buildActionMask = 2147483647;
			files = (
			);
			runOnlyForDeploymentPostprocessing = 0;
		};
		46C3F97A26DCCBC600AAAAF1 /* Frameworks */ = {
			isa = PBXFrameworksBuildPhase;
			buildActionMask = 2147483647;
			files = (
			);
			runOnlyForDeploymentPostprocessing = 0;
		};
/* End PBXFrameworksBuildPhase section */

/* Begin PBXGroup section */
		460EF0CA2692E8F000CCC52D = {
			isa = PBXGroup;
			children = (
				460EF0D52692E8F000CCC52D /* FLOMusicPlayer */,
				46926A4026B0F75500C0265F /* Supporting files */,
				46926A1F26B0F16A00C0265F /* Resources */,
				46C3F95326DCC4C300AAAAF1 /* FLOMusicPlayerNetworkingTests */,
				46C3F97E26DCCBC600AAAAF1 /* PlayListViewControllerTests */,
				460EF0D42692E8F000CCC52D /* Products */,
			);
			sourceTree = "<group>";
		};
		460EF0D42692E8F000CCC52D /* Products */ = {
			isa = PBXGroup;
			children = (
				460EF0D32692E8F000CCC52D /* FLOMusicPlayer.app */,
				46C3F95226DCC4C300AAAAF1 /* FLOMusicPlayerNetworkingTests.xctest */,
				46C3F97D26DCCBC600AAAAF1 /* PlayListViewControllerTests.xctest */,
			);
			name = Products;
			sourceTree = "<group>";
		};
		460EF0D52692E8F000CCC52D /* FLOMusicPlayer */ = {
			isa = PBXGroup;
			children = (
				460EF0D62692E8F000CCC52D /* AppDelegate.swift */,
				460EF0D82692E8F000CCC52D /* SceneDelegate.swift */,
				460EF10B2692E93900CCC52D /* Controllers */,
				460EF10A2692E92800CCC52D /* View */,
				460EF1092692E91A00CCC52D /* Model */,
				460EF0DF2692E8F200CCC52D /* Assets.xcassets */,
				460EF0E12692E8F200CCC52D /* LaunchScreen.storyboard */,
				460EF0E42692E8F200CCC52D /* Info.plist */,
			);
			path = FLOMusicPlayer;
			sourceTree = "<group>";
		};
		460EF1092692E91A00CCC52D /* Model */ = {
			isa = PBXGroup;
			children = (
				46C63A6426B4BE5300207E71 /* WebServices.swift */,
				469826C526C0E8480037B52C /* Music.swift */,
			);
			path = Model;
			sourceTree = "<group>";
		};
		460EF10A2692E92800CCC52D /* View */ = {
			isa = PBXGroup;
			children = (
				46838E8326C29129005C5DBE /* MusicCell.swift */,
			);
			path = View;
			sourceTree = "<group>";
		};
		460EF10B2692E93900CCC52D /* Controllers */ = {
			isa = PBXGroup;
			children = (
				460EF0DA2692E8F000CCC52D /* PlayListViewController.swift */,
				46C6C8C2270446620043D730 /* PlayListDataSource.swift */,
			);
			path = Controllers;
			sourceTree = "<group>";
		};
		46926A1F26B0F16A00C0265F /* Resources */ = {
			isa = PBXGroup;
			children = (
				46926A2026B0F29700C0265F /* MockedData.json */,
				4624FDE126CE239500699F4A /* PlayList.json */,
			);
			path = Resources;
			sourceTree = "<group>";
		};
		46926A4026B0F75500C0265F /* Supporting files */ = {
			isa = PBXGroup;
			children = (
				46926A4126B0F76E00C0265F /* NetworkMonitor.swift */,
				46C63A5E26B3C2C400207E71 /* MockedURLSession.swift */,
			);
			path = "Supporting files";
			sourceTree = "<group>";
		};
		46C3F95326DCC4C300AAAAF1 /* FLOMusicPlayerNetworkingTests */ = {
			isa = PBXGroup;
			children = (
				46C3F95426DCC4C300AAAAF1 /* FLOMusicPlayerNetworkingTests.swift */,
				46C3F95626DCC4C300AAAAF1 /* Info.plist */,
			);
			path = FLOMusicPlayerNetworkingTests;
			sourceTree = "<group>";
		};
		46C3F97E26DCCBC600AAAAF1 /* PlayListViewControllerTests */ = {
			isa = PBXGroup;
			children = (
				4657BE4B2706D30D004FCC0B /* MusicTests.swift */,
				4657BE4627069CFB004FCC0B /* MusicCellTests.swift */,
				46F4571D27043EC500D8B080 /* PlayListDataSourceTests.swift */,
				46C3F97F26DCCBC600AAAAF1 /* PlayListViewControllerTests.swift */,
				46C3F98126DCCBC600AAAAF1 /* Info.plist */,
			);
			path = PlayListViewControllerTests;
			sourceTree = "<group>";
		};
/* End PBXGroup section */

/* Begin PBXNativeTarget section */
		460EF0D22692E8F000CCC52D /* FLOMusicPlayer */ = {
			isa = PBXNativeTarget;
			buildConfigurationList = 460EF0FD2692E8F200CCC52D /* Build configuration list for PBXNativeTarget "FLOMusicPlayer" */;
			buildPhases = (
				460EF0CF2692E8F000CCC52D /* Sources */,
				460EF0D02692E8F000CCC52D /* Frameworks */,
				460EF0D12692E8F000CCC52D /* Resources */,
			);
			buildRules = (
			);
			dependencies = (
			);
			name = FLOMusicPlayer;
			productName = FLOMusicPlayer;
			productReference = 460EF0D32692E8F000CCC52D /* FLOMusicPlayer.app */;
			productType = "com.apple.product-type.application";
		};
		46C3F95126DCC4C300AAAAF1 /* FLOMusicPlayerNetworkingTests */ = {
			isa = PBXNativeTarget;
			buildConfigurationList = 46C3F95926DCC4C300AAAAF1 /* Build configuration list for PBXNativeTarget "FLOMusicPlayerNetworkingTests" */;
			buildPhases = (
				46C3F94E26DCC4C300AAAAF1 /* Sources */,
				46C3F94F26DCC4C300AAAAF1 /* Frameworks */,
				46C3F95026DCC4C300AAAAF1 /* Resources */,
			);
			buildRules = (
			);
			dependencies = (
				46C3F95826DCC4C300AAAAF1 /* PBXTargetDependency */,
			);
			name = FLOMusicPlayerNetworkingTests;
			productName = FLOMusicPlayerNetworkingTests;
			productReference = 46C3F95226DCC4C300AAAAF1 /* FLOMusicPlayerNetworkingTests.xctest */;
			productType = "com.apple.product-type.bundle.unit-test";
		};
		46C3F97C26DCCBC600AAAAF1 /* PlayListViewControllerTests */ = {
			isa = PBXNativeTarget;
			buildConfigurationList = 46C3F98426DCCBC600AAAAF1 /* Build configuration list for PBXNativeTarget "PlayListViewControllerTests" */;
			buildPhases = (
				46C3F97926DCCBC600AAAAF1 /* Sources */,
				46C3F97A26DCCBC600AAAAF1 /* Frameworks */,
				46C3F97B26DCCBC600AAAAF1 /* Resources */,
			);
			buildRules = (
			);
			dependencies = (
				46C3F98326DCCBC600AAAAF1 /* PBXTargetDependency */,
			);
			name = PlayListViewControllerTests;
			productName = PlayListViewControllerTests;
			productReference = 46C3F97D26DCCBC600AAAAF1 /* PlayListViewControllerTests.xctest */;
			productType = "com.apple.product-type.bundle.unit-test";
		};
/* End PBXNativeTarget section */

/* Begin PBXProject section */
		460EF0CB2692E8F000CCC52D /* Project object */ = {
			isa = PBXProject;
			attributes = {
				LastSwiftUpdateCheck = 1230;
				LastUpgradeCheck = 1230;
				TargetAttributes = {
					460EF0D22692E8F000CCC52D = {
						CreatedOnToolsVersion = 12.3;
					};
					46C3F95126DCC4C300AAAAF1 = {
						CreatedOnToolsVersion = 12.3;
						TestTargetID = 460EF0D22692E8F000CCC52D;
					};
					46C3F97C26DCCBC600AAAAF1 = {
						CreatedOnToolsVersion = 12.3;
						TestTargetID = 460EF0D22692E8F000CCC52D;
					};
				};
			};
			buildConfigurationList = 460EF0CE2692E8F000CCC52D /* Build configuration list for PBXProject "FLOMusicPlayer" */;
			compatibilityVersion = "Xcode 9.3";
			developmentRegion = en;
			hasScannedForEncodings = 0;
			knownRegions = (
				en,
				Base,
			);
			mainGroup = 460EF0CA2692E8F000CCC52D;
			productRefGroup = 460EF0D42692E8F000CCC52D /* Products */;
			projectDirPath = "";
			projectRoot = "";
			targets = (
				460EF0D22692E8F000CCC52D /* FLOMusicPlayer */,
				46C3F95126DCC4C300AAAAF1 /* FLOMusicPlayerNetworkingTests */,
				46C3F97C26DCCBC600AAAAF1 /* PlayListViewControllerTests */,
			);
		};
/* End PBXProject section */

/* Begin PBXResourcesBuildPhase section */
		460EF0D12692E8F000CCC52D /* Resources */ = {
			isa = PBXResourcesBuildPhase;
			buildActionMask = 2147483647;
			files = (
				460EF0E32692E8F200CCC52D /* LaunchScreen.storyboard in Resources */,
				46926A2126B0F29700C0265F /* MockedData.json in Resources */,
				460EF0E02692E8F200CCC52D /* Assets.xcassets in Resources */,
				4624FDE226CE239500699F4A /* PlayList.json in Resources */,
			);
			runOnlyForDeploymentPostprocessing = 0;
		};
		46C3F95026DCC4C300AAAAF1 /* Resources */ = {
			isa = PBXResourcesBuildPhase;
			buildActionMask = 2147483647;
			files = (
			);
			runOnlyForDeploymentPostprocessing = 0;
		};
		46C3F97B26DCCBC600AAAAF1 /* Resources */ = {
			isa = PBXResourcesBuildPhase;
			buildActionMask = 2147483647;
			files = (
			);
			runOnlyForDeploymentPostprocessing = 0;
		};
/* End PBXResourcesBuildPhase section */

/* Begin PBXSourcesBuildPhase section */
		460EF0CF2692E8F000CCC52D /* Sources */ = {
			isa = PBXSourcesBuildPhase;
			buildActionMask = 2147483647;
			files = (
				460EF0DB2692E8F000CCC52D /* PlayListViewController.swift in Sources */,
				46926A4226B0F76E00C0265F /* NetworkMonitor.swift in Sources */,
				460EF0D72692E8F000CCC52D /* AppDelegate.swift in Sources */,
				46838E8426C29129005C5DBE /* MusicCell.swift in Sources */,
				46C6C8C3270446620043D730 /* PlayListDataSource.swift in Sources */,
				46C63A6526B4BE5300207E71 /* WebServices.swift in Sources */,
				469826C626C0E8480037B52C /* Music.swift in Sources */,
				460EF0D92692E8F000CCC52D /* SceneDelegate.swift in Sources */,
				46C63A5F26B3C2C400207E71 /* MockedURLSession.swift in Sources */,
			);
			runOnlyForDeploymentPostprocessing = 0;
		};
		46C3F94E26DCC4C300AAAAF1 /* Sources */ = {
			isa = PBXSourcesBuildPhase;
			buildActionMask = 2147483647;
			files = (
				46C3F95526DCC4C300AAAAF1 /* FLOMusicPlayerNetworkingTests.swift in Sources */,
			);
			runOnlyForDeploymentPostprocessing = 0;
		};
		46C3F97926DCCBC600AAAAF1 /* Sources */ = {
			isa = PBXSourcesBuildPhase;
			buildActionMask = 2147483647;
			files = (
				46F4571E27043EC500D8B080 /* PlayListDataSourceTests.swift in Sources */,
				46C3F98026DCCBC600AAAAF1 /* PlayListViewControllerTests.swift in Sources */,
				4657BE4727069CFB004FCC0B /* MusicCellTests.swift in Sources */,
				4657BE4C2706D30D004FCC0B /* MusicTests.swift in Sources */,
			);
			runOnlyForDeploymentPostprocessing = 0;
		};
/* End PBXSourcesBuildPhase section */

/* Begin PBXTargetDependency section */
		46C3F95826DCC4C300AAAAF1 /* PBXTargetDependency */ = {
			isa = PBXTargetDependency;
			target = 460EF0D22692E8F000CCC52D /* FLOMusicPlayer */;
			targetProxy = 46C3F95726DCC4C300AAAAF1 /* PBXContainerItemProxy */;
		};
		46C3F98326DCCBC600AAAAF1 /* PBXTargetDependency */ = {
			isa = PBXTargetDependency;
			target = 460EF0D22692E8F000CCC52D /* FLOMusicPlayer */;
			targetProxy = 46C3F98226DCCBC600AAAAF1 /* PBXContainerItemProxy */;
		};
/* End PBXTargetDependency section */

/* Begin PBXVariantGroup section */
		460EF0E12692E8F200CCC52D /* LaunchScreen.storyboard */ = {
			isa = PBXVariantGroup;
			children = (
				460EF0E22692E8F200CCC52D /* Base */,
			);
			name = LaunchScreen.storyboard;
			sourceTree = "<group>";
		};
/* End PBXVariantGroup section */

/* Begin XCBuildConfiguration section */
		460EF0FB2692E8F200CCC52D /* Debug */ = {
			isa = XCBuildConfiguration;
			buildSettings = {
				ALWAYS_SEARCH_USER_PATHS = NO;
				CLANG_ANALYZER_NONNULL = YES;
				CLANG_ANALYZER_NUMBER_OBJECT_CONVERSION = YES_AGGRESSIVE;
				CLANG_CXX_LANGUAGE_STANDARD = "gnu++14";
				CLANG_CXX_LIBRARY = "libc++";
				CLANG_ENABLE_MODULES = YES;
				CLANG_ENABLE_OBJC_ARC = YES;
				CLANG_ENABLE_OBJC_WEAK = YES;
				CLANG_WARN_BLOCK_CAPTURE_AUTORELEASING = YES;
				CLANG_WARN_BOOL_CONVERSION = YES;
				CLANG_WARN_COMMA = YES;
				CLANG_WARN_CONSTANT_CONVERSION = YES;
				CLANG_WARN_DEPRECATED_OBJC_IMPLEMENTATIONS = YES;
				CLANG_WARN_DIRECT_OBJC_ISA_USAGE = YES_ERROR;
				CLANG_WARN_DOCUMENTATION_COMMENTS = YES;
				CLANG_WARN_EMPTY_BODY = YES;
				CLANG_WARN_ENUM_CONVERSION = YES;
				CLANG_WARN_INFINITE_RECURSION = YES;
				CLANG_WARN_INT_CONVERSION = YES;
				CLANG_WARN_NON_LITERAL_NULL_CONVERSION = YES;
				CLANG_WARN_OBJC_IMPLICIT_RETAIN_SELF = YES;
				CLANG_WARN_OBJC_LITERAL_CONVERSION = YES;
				CLANG_WARN_OBJC_ROOT_CLASS = YES_ERROR;
				CLANG_WARN_QUOTED_INCLUDE_IN_FRAMEWORK_HEADER = YES;
				CLANG_WARN_RANGE_LOOP_ANALYSIS = YES;
				CLANG_WARN_STRICT_PROTOTYPES = YES;
				CLANG_WARN_SUSPICIOUS_MOVE = YES;
				CLANG_WARN_UNGUARDED_AVAILABILITY = YES_AGGRESSIVE;
				CLANG_WARN_UNREACHABLE_CODE = YES;
				CLANG_WARN__DUPLICATE_METHOD_MATCH = YES;
				COPY_PHASE_STRIP = NO;
				DEBUG_INFORMATION_FORMAT = dwarf;
				ENABLE_STRICT_OBJC_MSGSEND = YES;
				ENABLE_TESTABILITY = YES;
				GCC_C_LANGUAGE_STANDARD = gnu11;
				GCC_DYNAMIC_NO_PIC = NO;
				GCC_NO_COMMON_BLOCKS = YES;
				GCC_OPTIMIZATION_LEVEL = 0;
				GCC_PREPROCESSOR_DEFINITIONS = (
					"DEBUG=1",
					"$(inherited)",
				);
				GCC_WARN_64_TO_32_BIT_CONVERSION = YES;
				GCC_WARN_ABOUT_RETURN_TYPE = YES_ERROR;
				GCC_WARN_UNDECLARED_SELECTOR = YES;
				GCC_WARN_UNINITIALIZED_AUTOS = YES_AGGRESSIVE;
				GCC_WARN_UNUSED_FUNCTION = YES;
				GCC_WARN_UNUSED_VARIABLE = YES;
				IPHONEOS_DEPLOYMENT_TARGET = 14.3;
				MTL_ENABLE_DEBUG_INFO = INCLUDE_SOURCE;
				MTL_FAST_MATH = YES;
				ONLY_ACTIVE_ARCH = YES;
				SDKROOT = iphoneos;
				SWIFT_ACTIVE_COMPILATION_CONDITIONS = DEBUG;
				SWIFT_OPTIMIZATION_LEVEL = "-Onone";
			};
			name = Debug;
		};
		460EF0FC2692E8F200CCC52D /* Release */ = {
			isa = XCBuildConfiguration;
			buildSettings = {
				ALWAYS_SEARCH_USER_PATHS = NO;
				CLANG_ANALYZER_NONNULL = YES;
				CLANG_ANALYZER_NUMBER_OBJECT_CONVERSION = YES_AGGRESSIVE;
				CLANG_CXX_LANGUAGE_STANDARD = "gnu++14";
				CLANG_CXX_LIBRARY = "libc++";
				CLANG_ENABLE_MODULES = YES;
				CLANG_ENABLE_OBJC_ARC = YES;
				CLANG_ENABLE_OBJC_WEAK = YES;
				CLANG_WARN_BLOCK_CAPTURE_AUTORELEASING = YES;
				CLANG_WARN_BOOL_CONVERSION = YES;
				CLANG_WARN_COMMA = YES;
				CLANG_WARN_CONSTANT_CONVERSION = YES;
				CLANG_WARN_DEPRECATED_OBJC_IMPLEMENTATIONS = YES;
				CLANG_WARN_DIRECT_OBJC_ISA_USAGE = YES_ERROR;
				CLANG_WARN_DOCUMENTATION_COMMENTS = YES;
				CLANG_WARN_EMPTY_BODY = YES;
				CLANG_WARN_ENUM_CONVERSION = YES;
				CLANG_WARN_INFINITE_RECURSION = YES;
				CLANG_WARN_INT_CONVERSION = YES;
				CLANG_WARN_NON_LITERAL_NULL_CONVERSION = YES;
				CLANG_WARN_OBJC_IMPLICIT_RETAIN_SELF = YES;
				CLANG_WARN_OBJC_LITERAL_CONVERSION = YES;
				CLANG_WARN_OBJC_ROOT_CLASS = YES_ERROR;
				CLANG_WARN_QUOTED_INCLUDE_IN_FRAMEWORK_HEADER = YES;
				CLANG_WARN_RANGE_LOOP_ANALYSIS = YES;
				CLANG_WARN_STRICT_PROTOTYPES = YES;
				CLANG_WARN_SUSPICIOUS_MOVE = YES;
				CLANG_WARN_UNGUARDED_AVAILABILITY = YES_AGGRESSIVE;
				CLANG_WARN_UNREACHABLE_CODE = YES;
				CLANG_WARN__DUPLICATE_METHOD_MATCH = YES;
				COPY_PHASE_STRIP = NO;
				DEBUG_INFORMATION_FORMAT = "dwarf-with-dsym";
				ENABLE_NS_ASSERTIONS = NO;
				ENABLE_STRICT_OBJC_MSGSEND = YES;
				GCC_C_LANGUAGE_STANDARD = gnu11;
				GCC_NO_COMMON_BLOCKS = YES;
				GCC_WARN_64_TO_32_BIT_CONVERSION = YES;
				GCC_WARN_ABOUT_RETURN_TYPE = YES_ERROR;
				GCC_WARN_UNDECLARED_SELECTOR = YES;
				GCC_WARN_UNINITIALIZED_AUTOS = YES_AGGRESSIVE;
				GCC_WARN_UNUSED_FUNCTION = YES;
				GCC_WARN_UNUSED_VARIABLE = YES;
				IPHONEOS_DEPLOYMENT_TARGET = 14.3;
				MTL_ENABLE_DEBUG_INFO = NO;
				MTL_FAST_MATH = YES;
				SDKROOT = iphoneos;
				SWIFT_COMPILATION_MODE = wholemodule;
				SWIFT_OPTIMIZATION_LEVEL = "-O";
				VALIDATE_PRODUCT = YES;
			};
			name = Release;
		};
		460EF0FE2692E8F200CCC52D /* Debug */ = {
			isa = XCBuildConfiguration;
			buildSettings = {
				ASSETCATALOG_COMPILER_APPICON_NAME = AppIcon;
				ASSETCATALOG_COMPILER_GLOBAL_ACCENT_COLOR_NAME = AccentColor;
				CODE_SIGN_STYLE = Automatic;
				DEVELOPMENT_TEAM = R4778782G2;
				INFOPLIST_FILE = FLOMusicPlayer/Info.plist;
				LD_RUNPATH_SEARCH_PATHS = (
					"$(inherited)",
					"@executable_path/Frameworks",
				);
				PRODUCT_BUNDLE_IDENTIFIER = com.taejeong.FLOMusicPlayer;
				PRODUCT_NAME = "$(TARGET_NAME)";
				SWIFT_VERSION = 5.0;
				TARGETED_DEVICE_FAMILY = "1,2";
			};
			name = Debug;
		};
		460EF0FF2692E8F200CCC52D /* Release */ = {
			isa = XCBuildConfiguration;
			buildSettings = {
				ASSETCATALOG_COMPILER_APPICON_NAME = AppIcon;
				ASSETCATALOG_COMPILER_GLOBAL_ACCENT_COLOR_NAME = AccentColor;
				CODE_SIGN_STYLE = Automatic;
				DEVELOPMENT_TEAM = R4778782G2;
				INFOPLIST_FILE = FLOMusicPlayer/Info.plist;
				LD_RUNPATH_SEARCH_PATHS = (
					"$(inherited)",
					"@executable_path/Frameworks",
				);
				PRODUCT_BUNDLE_IDENTIFIER = com.taejeong.FLOMusicPlayer;
				PRODUCT_NAME = "$(TARGET_NAME)";
				SWIFT_VERSION = 5.0;
				TARGETED_DEVICE_FAMILY = "1,2";
			};
			name = Release;
		};
		46C3F95A26DCC4C300AAAAF1 /* Debug */ = {
			isa = XCBuildConfiguration;
			buildSettings = {
				BUNDLE_LOADER = "$(TEST_HOST)";
				CODE_SIGN_STYLE = Automatic;
				DEVELOPMENT_TEAM = R4778782G2;
				INFOPLIST_FILE = FLOMusicPlayerNetworkingTests/Info.plist;
				LD_RUNPATH_SEARCH_PATHS = (
					"$(inherited)",
					"@executable_path/Frameworks",
					"@loader_path/Frameworks",
				);
				PRODUCT_BUNDLE_IDENTIFIER = com.taejeong.FLOMusicPlayerNetworkingTests;
				PRODUCT_NAME = "$(TARGET_NAME)";
				SWIFT_VERSION = 5.0;
				TARGETED_DEVICE_FAMILY = "1,2";
				TEST_HOST = "$(BUILT_PRODUCTS_DIR)/FLOMusicPlayer.app/FLOMusicPlayer";
			};
			name = Debug;
		};
		46C3F95B26DCC4C300AAAAF1 /* Release */ = {
			isa = XCBuildConfiguration;
			buildSettings = {
				BUNDLE_LOADER = "$(TEST_HOST)";
				CODE_SIGN_STYLE = Automatic;
				DEVELOPMENT_TEAM = R4778782G2;
				INFOPLIST_FILE = FLOMusicPlayerNetworkingTests/Info.plist;
				LD_RUNPATH_SEARCH_PATHS = (
					"$(inherited)",
					"@executable_path/Frameworks",
					"@loader_path/Frameworks",
				);
				PRODUCT_BUNDLE_IDENTIFIER = com.taejeong.FLOMusicPlayerNetworkingTests;
				PRODUCT_NAME = "$(TARGET_NAME)";
				SWIFT_VERSION = 5.0;
				TARGETED_DEVICE_FAMILY = "1,2";
				TEST_HOST = "$(BUILT_PRODUCTS_DIR)/FLOMusicPlayer.app/FLOMusicPlayer";
			};
			name = Release;
		};
		46C3F98526DCCBC600AAAAF1 /* Debug */ = {
			isa = XCBuildConfiguration;
			buildSettings = {
				BUNDLE_LOADER = "$(TEST_HOST)";
				CODE_SIGN_STYLE = Automatic;
				DEVELOPMENT_TEAM = R4778782G2;
				INFOPLIST_FILE = PlayListViewControllerTests/Info.plist;
				LD_RUNPATH_SEARCH_PATHS = (
					"$(inherited)",
					"@executable_path/Frameworks",
					"@loader_path/Frameworks",
				);
				PRODUCT_BUNDLE_IDENTIFIER = com.taejeong.PlayListViewControllerTests;
				PRODUCT_NAME = "$(TARGET_NAME)";
				SWIFT_VERSION = 5.0;
				TARGETED_DEVICE_FAMILY = "1,2";
				TEST_HOST = "$(BUILT_PRODUCTS_DIR)/FLOMusicPlayer.app/FLOMusicPlayer";
			};
			name = Debug;
		};
		46C3F98626DCCBC600AAAAF1 /* Release */ = {
			isa = XCBuildConfiguration;
			buildSettings = {
				BUNDLE_LOADER = "$(TEST_HOST)";
				CODE_SIGN_STYLE = Automatic;
				DEVELOPMENT_TEAM = R4778782G2;
				INFOPLIST_FILE = PlayListViewControllerTests/Info.plist;
				LD_RUNPATH_SEARCH_PATHS = (
					"$(inherited)",
					"@executable_path/Frameworks",
					"@loader_path/Frameworks",
				);
				PRODUCT_BUNDLE_IDENTIFIER = com.taejeong.PlayListViewControllerTests;
				PRODUCT_NAME = "$(TARGET_NAME)";
				SWIFT_VERSION = 5.0;
				TARGETED_DEVICE_FAMILY = "1,2";
				TEST_HOST = "$(BUILT_PRODUCTS_DIR)/FLOMusicPlayer.app/FLOMusicPlayer";
			};
			name = Release;
		};
/* End XCBuildConfiguration section */

/* Begin XCConfigurationList section */
		460EF0CE2692E8F000CCC52D /* Build configuration list for PBXProject "FLOMusicPlayer" */ = {
			isa = XCConfigurationList;
			buildConfigurations = (
				460EF0FB2692E8F200CCC52D /* Debug */,
				460EF0FC2692E8F200CCC52D /* Release */,
			);
			defaultConfigurationIsVisible = 0;
			defaultConfigurationName = Release;
		};
		460EF0FD2692E8F200CCC52D /* Build configuration list for PBXNativeTarget "FLOMusicPlayer" */ = {
			isa = XCConfigurationList;
			buildConfigurations = (
				460EF0FE2692E8F200CCC52D /* Debug */,
				460EF0FF2692E8F200CCC52D /* Release */,
			);
			defaultConfigurationIsVisible = 0;
			defaultConfigurationName = Release;
		};
		46C3F95926DCC4C300AAAAF1 /* Build configuration list for PBXNativeTarget "FLOMusicPlayerNetworkingTests" */ = {
			isa = XCConfigurationList;
			buildConfigurations = (
				46C3F95A26DCC4C300AAAAF1 /* Debug */,
				46C3F95B26DCC4C300AAAAF1 /* Release */,
			);
			defaultConfigurationIsVisible = 0;
			defaultConfigurationName = Release;
		};
		46C3F98426DCCBC600AAAAF1 /* Build configuration list for PBXNativeTarget "PlayListViewControllerTests" */ = {
			isa = XCConfigurationList;
			buildConfigurations = (
				46C3F98526DCCBC600AAAAF1 /* Debug */,
				46C3F98626DCCBC600AAAAF1 /* Release */,
			);
			defaultConfigurationIsVisible = 0;
			defaultConfigurationName = Release;
		};
/* End XCConfigurationList section */
	};
	rootObject = 460EF0CB2692E8F000CCC52D /* Project object */;
}
