// !$*UTF8*$!
{
	archiveVersion = 1;
	classes = {
	};
	objectVersion = 50;
	objects = {

/* Begin PBXBuildFile section */
		460EF0D72692E8F000CCC52D /* AppDelegate.swift in Sources */ = {isa = PBXBuildFile; fileRef = 460EF0D62692E8F000CCC52D /* AppDelegate.swift */; };
		460EF0D92692E8F000CCC52D /* SceneDelegate.swift in Sources */ = {isa = PBXBuildFile; fileRef = 460EF0D82692E8F000CCC52D /* SceneDelegate.swift */; };
		460EF0DB2692E8F000CCC52D /* ViewController.swift in Sources */ = {isa = PBXBuildFile; fileRef = 460EF0DA2692E8F000CCC52D /* ViewController.swift */; };
		460EF0DE2692E8F000CCC52D /* Main.storyboard in Resources */ = {isa = PBXBuildFile; fileRef = 460EF0DC2692E8F000CCC52D /* Main.storyboard */; };
		460EF0E02692E8F200CCC52D /* Assets.xcassets in Resources */ = {isa = PBXBuildFile; fileRef = 460EF0DF2692E8F200CCC52D /* Assets.xcassets */; };
		460EF0E32692E8F200CCC52D /* LaunchScreen.storyboard in Resources */ = {isa = PBXBuildFile; fileRef = 460EF0E12692E8F200CCC52D /* LaunchScreen.storyboard */; };
		460EF0EE2692E8F200CCC52D /* FLOMusicPlayerTests.swift in Sources */ = {isa = PBXBuildFile; fileRef = 460EF0ED2692E8F200CCC52D /* FLOMusicPlayerTests.swift */; };
		460EF0F92692E8F200CCC52D /* FLOMusicPlayerUITests.swift in Sources */ = {isa = PBXBuildFile; fileRef = 460EF0F82692E8F200CCC52D /* FLOMusicPlayerUITests.swift */; };
/* End PBXBuildFile section */

/* Begin PBXContainerItemProxy section */
		460EF0EA2692E8F200CCC52D /* PBXContainerItemProxy */ = {
			isa = PBXContainerItemProxy;
			containerPortal = 460EF0CB2692E8F000CCC52D /* Project object */;
			proxyType = 1;
			remoteGlobalIDString = 460EF0D22692E8F000CCC52D;
			remoteInfo = FLOMusicPlayer;
		};
		460EF0F52692E8F200CCC52D /* PBXContainerItemProxy */ = {
			isa = PBXContainerItemProxy;
			containerPortal = 460EF0CB2692E8F000CCC52D /* Project object */;
			proxyType = 1;
			remoteGlobalIDString = 460EF0D22692E8F000CCC52D;
			remoteInfo = FLOMusicPlayer;
		};
/* End PBXContainerItemProxy section */

/* Begin PBXFileReference section */
		460EF0D32692E8F000CCC52D /* FLOMusicPlayer.app */ = {isa = PBXFileReference; explicitFileType = wrapper.application; includeInIndex = 0; path = FLOMusicPlayer.app; sourceTree = BUILT_PRODUCTS_DIR; };
		460EF0D62692E8F000CCC52D /* AppDelegate.swift */ = {isa = PBXFileReference; lastKnownFileType = sourcecode.swift; path = AppDelegate.swift; sourceTree = "<group>"; };
		460EF0D82692E8F000CCC52D /* SceneDelegate.swift */ = {isa = PBXFileReference; lastKnownFileType = sourcecode.swift; path = SceneDelegate.swift; sourceTree = "<group>"; };
		460EF0DA2692E8F000CCC52D /* ViewController.swift */ = {isa = PBXFileReference; lastKnownFileType = sourcecode.swift; path = ViewController.swift; sourceTree = "<group>"; };
		460EF0DD2692E8F000CCC52D /* Base */ = {isa = PBXFileReference; lastKnownFileType = file.storyboard; name = Base; path = Base.lproj/Main.storyboard; sourceTree = "<group>"; };
		460EF0DF2692E8F200CCC52D /* Assets.xcassets */ = {isa = PBXFileReference; lastKnownFileType = folder.assetcatalog; path = Assets.xcassets; sourceTree = "<group>"; };
		460EF0E22692E8F200CCC52D /* Base */ = {isa = PBXFileReference; lastKnownFileType = file.storyboard; name = Base; path = Base.lproj/LaunchScreen.storyboard; sourceTree = "<group>"; };
		460EF0E42692E8F200CCC52D /* Info.plist */ = {isa = PBXFileReference; lastKnownFileType = text.plist.xml; path = Info.plist; sourceTree = "<group>"; };
		460EF0E92692E8F200CCC52D /* FLOMusicPlayerTests.xctest */ = {isa = PBXFileReference; explicitFileType = wrapper.cfbundle; includeInIndex = 0; path = FLOMusicPlayerTests.xctest; sourceTree = BUILT_PRODUCTS_DIR; };
		460EF0ED2692E8F200CCC52D /* FLOMusicPlayerTests.swift */ = {isa = PBXFileReference; lastKnownFileType = sourcecode.swift; path = FLOMusicPlayerTests.swift; sourceTree = "<group>"; };
		460EF0EF2692E8F200CCC52D /* Info.plist */ = {isa = PBXFileReference; lastKnownFileType = text.plist.xml; path = Info.plist; sourceTree = "<group>"; };
		460EF0F42692E8F200CCC52D /* FLOMusicPlayerUITests.xctest */ = {isa = PBXFileReference; explicitFileType = wrapper.cfbundle; includeInIndex = 0; path = FLOMusicPlayerUITests.xctest; sourceTree = BUILT_PRODUCTS_DIR; };
		460EF0F82692E8F200CCC52D /* FLOMusicPlayerUITests.swift */ = {isa = PBXFileReference; lastKnownFileType = sourcecode.swift; path = FLOMusicPlayerUITests.swift; sourceTree = "<group>"; };
		460EF0FA2692E8F200CCC52D /* Info.plist */ = {isa = PBXFileReference; lastKnownFileType = text.plist.xml; path = Info.plist; sourceTree = "<group>"; };
/* End PBXFileReference section */

/* Begin PBXFrameworksBuildPhase section */
		460EF0D02692E8F000CCC52D /* Frameworks */ = {
			isa = PBXFrameworksBuildPhase;
			buildActionMask = 2147483647;
			files = (
			);
			runOnlyForDeploymentPostprocessing = 0;
		};
		460EF0E62692E8F200CCC52D /* Frameworks */ = {
			isa = PBXFrameworksBuildPhase;
			buildActionMask = 2147483647;
			files = (
			);
			runOnlyForDeploymentPostprocessing = 0;
		};
		460EF0F12692E8F200CCC52D /* Frameworks */ = {
			isa = PBXFrameworksBuildPhase;
			buildActionMask = 2147483647;
			files = (
			);
			runOnlyForDeploymentPostprocessing = 0;
		};
/* End PBXFrameworksBuildPhase section */

/* Begin PBXGroup section */
		460EF0CA2692E8F000CCC52D = {
			isa = PBXGroup;
			children = (
				460EF0D52692E8F000CCC52D /* FLOMusicPlayer */,
				460EF0EC2692E8F200CCC52D /* FLOMusicPlayerTests */,
				460EF0F72692E8F200CCC52D /* FLOMusicPlayerUITests */,
				460EF0D42692E8F000CCC52D /* Products */,
			);
			sourceTree = "<group>";
		};
		460EF0D42692E8F000CCC52D /* Products */ = {
			isa = PBXGroup;
			children = (
				460EF0D32692E8F000CCC52D /* FLOMusicPlayer.app */,
				460EF0E92692E8F200CCC52D /* FLOMusicPlayerTests.xctest */,
				460EF0F42692E8F200CCC52D /* FLOMusicPlayerUITests.xctest */,
			);
			name = Products;
			sourceTree = "<group>";
		};
		460EF0D52692E8F000CCC52D /* FLOMusicPlayer */ = {
			isa = PBXGroup;
			children = (
				460EF0D62692E8F000CCC52D /* AppDelegate.swift */,
				460EF0D82692E8F000CCC52D /* SceneDelegate.swift */,
				460EF10B2692E93900CCC52D /* Controllers */,
				460EF10A2692E92800CCC52D /* View */,
				460EF1092692E91A00CCC52D /* Model */,
				460EF0DC2692E8F000CCC52D /* Main.storyboard */,
				460EF0DF2692E8F200CCC52D /* Assets.xcassets */,
				460EF0E12692E8F200CCC52D /* LaunchScreen.storyboard */,
				460EF0E42692E8F200CCC52D /* Info.plist */,
			);
			path = FLOMusicPlayer;
			sourceTree = "<group>";
		};
		460EF0EC2692E8F200CCC52D /* FLOMusicPlayerTests */ = {
			isa = PBXGroup;
			children = (
				460EF0ED2692E8F200CCC52D /* FLOMusicPlayerTests.swift */,
				460EF0EF2692E8F200CCC52D /* Info.plist */,
			);
			path = FLOMusicPlayerTests;
			sourceTree = "<group>";
		};
		460EF0F72692E8F200CCC52D /* FLOMusicPlayerUITests */ = {
			isa = PBXGroup;
			children = (
				460EF0F82692E8F200CCC52D /* FLOMusicPlayerUITests.swift */,
				460EF0FA2692E8F200CCC52D /* Info.plist */,
			);
			path = FLOMusicPlayerUITests;
			sourceTree = "<group>";
		};
		460EF1092692E91A00CCC52D /* Model */ = {
			isa = PBXGroup;
			children = (
			);
			path = Model;
			sourceTree = "<group>";
		};
		460EF10A2692E92800CCC52D /* View */ = {
			isa = PBXGroup;
			children = (
			);
			path = View;
			sourceTree = "<group>";
		};
		460EF10B2692E93900CCC52D /* Controllers */ = {
			isa = PBXGroup;
			children = (
				460EF0DA2692E8F000CCC52D /* ViewController.swift */,
			);
			path = Controllers;
			sourceTree = "<group>";
		};
/* End PBXGroup section */

/* Begin PBXNativeTarget section */
		460EF0D22692E8F000CCC52D /* FLOMusicPlayer */ = {
			isa = PBXNativeTarget;
			buildConfigurationList = 460EF0FD2692E8F200CCC52D /* Build configuration list for PBXNativeTarget "FLOMusicPlayer" */;
			buildPhases = (
				460EF0CF2692E8F000CCC52D /* Sources */,
				460EF0D02692E8F000CCC52D /* Frameworks */,
				460EF0D12692E8F000CCC52D /* Resources */,
			);
			buildRules = (
			);
			dependencies = (
			);
			name = FLOMusicPlayer;
			productName = FLOMusicPlayer;
			productReference = 460EF0D32692E8F000CCC52D /* FLOMusicPlayer.app */;
			productType = "com.apple.product-type.application";
		};
		460EF0E82692E8F200CCC52D /* FLOMusicPlayerTests */ = {
			isa = PBXNativeTarget;
			buildConfigurationList = 460EF1002692E8F200CCC52D /* Build configuration list for PBXNativeTarget "FLOMusicPlayerTests" */;
			buildPhases = (
				460EF0E52692E8F200CCC52D /* Sources */,
				460EF0E62692E8F200CCC52D /* Frameworks */,
				460EF0E72692E8F200CCC52D /* Resources */,
			);
			buildRules = (
			);
			dependencies = (
				460EF0EB2692E8F200CCC52D /* PBXTargetDependency */,
			);
			name = FLOMusicPlayerTests;
			productName = FLOMusicPlayerTests;
			productReference = 460EF0E92692E8F200CCC52D /* FLOMusicPlayerTests.xctest */;
			productType = "com.apple.product-type.bundle.unit-test";
		};
		460EF0F32692E8F200CCC52D /* FLOMusicPlayerUITests */ = {
			isa = PBXNativeTarget;
			buildConfigurationList = 460EF1032692E8F200CCC52D /* Build configuration list for PBXNativeTarget "FLOMusicPlayerUITests" */;
			buildPhases = (
				460EF0F02692E8F200CCC52D /* Sources */,
				460EF0F12692E8F200CCC52D /* Frameworks */,
				460EF0F22692E8F200CCC52D /* Resources */,
			);
			buildRules = (
			);
			dependencies = (
				460EF0F62692E8F200CCC52D /* PBXTargetDependency */,
			);
			name = FLOMusicPlayerUITests;
			productName = FLOMusicPlayerUITests;
			productReference = 460EF0F42692E8F200CCC52D /* FLOMusicPlayerUITests.xctest */;
			productType = "com.apple.product-type.bundle.ui-testing";
		};
/* End PBXNativeTarget section */

/* Begin PBXProject section */
		460EF0CB2692E8F000CCC52D /* Project object */ = {
			isa = PBXProject;
			attributes = {
				LastSwiftUpdateCheck = 1230;
				LastUpgradeCheck = 1230;
				TargetAttributes = {
					460EF0D22692E8F000CCC52D = {
						CreatedOnToolsVersion = 12.3;
					};
					460EF0E82692E8F200CCC52D = {
						CreatedOnToolsVersion = 12.3;
						TestTargetID = 460EF0D22692E8F000CCC52D;
					};
					460EF0F32692E8F200CCC52D = {
						CreatedOnToolsVersion = 12.3;
						TestTargetID = 460EF0D22692E8F000CCC52D;
					};
				};
			};
			buildConfigurationList = 460EF0CE2692E8F000CCC52D /* Build configuration list for PBXProject "FLOMusicPlayer" */;
			compatibilityVersion = "Xcode 9.3";
			developmentRegion = en;
			hasScannedForEncodings = 0;
			knownRegions = (
				en,
				Base,
			);
			mainGroup = 460EF0CA2692E8F000CCC52D;
			productRefGroup = 460EF0D42692E8F000CCC52D /* Products */;
			projectDirPath = "";
			projectRoot = "";
			targets = (
				460EF0D22692E8F000CCC52D /* FLOMusicPlayer */,
				460EF0E82692E8F200CCC52D /* FLOMusicPlayerTests */,
				460EF0F32692E8F200CCC52D /* FLOMusicPlayerUITests */,
			);
		};
/* End PBXProject section */

/* Begin PBXResourcesBuildPhase section */
		460EF0D12692E8F000CCC52D /* Resources */ = {
			isa = PBXResourcesBuildPhase;
			buildActionMask = 2147483647;
			files = (
				460EF0E32692E8F200CCC52D /* LaunchScreen.storyboard in Resources */,
				460EF0E02692E8F200CCC52D /* Assets.xcassets in Resources */,
				460EF0DE2692E8F000CCC52D /* Main.storyboard in Resources */,
			);
			runOnlyForDeploymentPostprocessing = 0;
		};
		460EF0E72692E8F200CCC52D /* Resources */ = {
			isa = PBXResourcesBuildPhase;
			buildActionMask = 2147483647;
			files = (
			);
			runOnlyForDeploymentPostprocessing = 0;
		};
		460EF0F22692E8F200CCC52D /* Resources */ = {
			isa = PBXResourcesBuildPhase;
			buildActionMask = 2147483647;
			files = (
			);
			runOnlyForDeploymentPostprocessing = 0;
		};
/* End PBXResourcesBuildPhase section */

/* Begin PBXSourcesBuildPhase section */
		460EF0CF2692E8F000CCC52D /* Sources */ = {
			isa = PBXSourcesBuildPhase;
			buildActionMask = 2147483647;
			files = (
				460EF0DB2692E8F000CCC52D /* ViewController.swift in Sources */,
				460EF0D72692E8F000CCC52D /* AppDelegate.swift in Sources */,
				460EF0D92692E8F000CCC52D /* SceneDelegate.swift in Sources */,
			);
			runOnlyForDeploymentPostprocessing = 0;
		};
		460EF0E52692E8F200CCC52D /* Sources */ = {
			isa = PBXSourcesBuildPhase;
			buildActionMask = 2147483647;
			files = (
				460EF0EE2692E8F200CCC52D /* FLOMusicPlayerTests.swift in Sources */,
			);
			runOnlyForDeploymentPostprocessing = 0;
		};
		460EF0F02692E8F200CCC52D /* Sources */ = {
			isa = PBXSourcesBuildPhase;
			buildActionMask = 2147483647;
			files = (
				460EF0F92692E8F200CCC52D /* FLOMusicPlayerUITests.swift in Sources */,
			);
			runOnlyForDeploymentPostprocessing = 0;
		};
/* End PBXSourcesBuildPhase section */

/* Begin PBXTargetDependency section */
		460EF0EB2692E8F200CCC52D /* PBXTargetDependency */ = {
			isa = PBXTargetDependency;
			target = 460EF0D22692E8F000CCC52D /* FLOMusicPlayer */;
			targetProxy = 460EF0EA2692E8F200CCC52D /* PBXContainerItemProxy */;
		};
		460EF0F62692E8F200CCC52D /* PBXTargetDependency */ = {
			isa = PBXTargetDependency;
			target = 460EF0D22692E8F000CCC52D /* FLOMusicPlayer */;
			targetProxy = 460EF0F52692E8F200CCC52D /* PBXContainerItemProxy */;
		};
/* End PBXTargetDependency section */

/* Begin PBXVariantGroup section */
		460EF0DC2692E8F000CCC52D /* Main.storyboard */ = {
			isa = PBXVariantGroup;
			children = (
				460EF0DD2692E8F000CCC52D /* Base */,
			);
			name = Main.storyboard;
			sourceTree = "<group>";
		};
		460EF0E12692E8F200CCC52D /* LaunchScreen.storyboard */ = {
			isa = PBXVariantGroup;
			children = (
				460EF0E22692E8F200CCC52D /* Base */,
			);
			name = LaunchScreen.storyboard;
			sourceTree = "<group>";
		};
/* End PBXVariantGroup section */

/* Begin XCBuildConfiguration section */
		460EF0FB2692E8F200CCC52D /* Debug */ = {
			isa = XCBuildConfiguration;
			buildSettings = {
				ALWAYS_SEARCH_USER_PATHS = NO;
				CLANG_ANALYZER_NONNULL = YES;
				CLANG_ANALYZER_NUMBER_OBJECT_CONVERSION = YES_AGGRESSIVE;
				CLANG_CXX_LANGUAGE_STANDARD = "gnu++14";
				CLANG_CXX_LIBRARY = "libc++";
				CLANG_ENABLE_MODULES = YES;
				CLANG_ENABLE_OBJC_ARC = YES;
				CLANG_ENABLE_OBJC_WEAK = YES;
				CLANG_WARN_BLOCK_CAPTURE_AUTORELEASING = YES;
				CLANG_WARN_BOOL_CONVERSION = YES;
				CLANG_WARN_COMMA = YES;
				CLANG_WARN_CONSTANT_CONVERSION = YES;
				CLANG_WARN_DEPRECATED_OBJC_IMPLEMENTATIONS = YES;
				CLANG_WARN_DIRECT_OBJC_ISA_USAGE = YES_ERROR;
				CLANG_WARN_DOCUMENTATION_COMMENTS = YES;
				CLANG_WARN_EMPTY_BODY = YES;
				CLANG_WARN_ENUM_CONVERSION = YES;
				CLANG_WARN_INFINITE_RECURSION = YES;
				CLANG_WARN_INT_CONVERSION = YES;
				CLANG_WARN_NON_LITERAL_NULL_CONVERSION = YES;
				CLANG_WARN_OBJC_IMPLICIT_RETAIN_SELF = YES;
				CLANG_WARN_OBJC_LITERAL_CONVERSION = YES;
				CLANG_WARN_OBJC_ROOT_CLASS = YES_ERROR;
				CLANG_WARN_QUOTED_INCLUDE_IN_FRAMEWORK_HEADER = YES;
				CLANG_WARN_RANGE_LOOP_ANALYSIS = YES;
				CLANG_WARN_STRICT_PROTOTYPES = YES;
				CLANG_WARN_SUSPICIOUS_MOVE = YES;
				CLANG_WARN_UNGUARDED_AVAILABILITY = YES_AGGRESSIVE;
				CLANG_WARN_UNREACHABLE_CODE = YES;
				CLANG_WARN__DUPLICATE_METHOD_MATCH = YES;
				COPY_PHASE_STRIP = NO;
				DEBUG_INFORMATION_FORMAT = dwarf;
				ENABLE_STRICT_OBJC_MSGSEND = YES;
				ENABLE_TESTABILITY = YES;
				GCC_C_LANGUAGE_STANDARD = gnu11;
				GCC_DYNAMIC_NO_PIC = NO;
				GCC_NO_COMMON_BLOCKS = YES;
				GCC_OPTIMIZATION_LEVEL = 0;
				GCC_PREPROCESSOR_DEFINITIONS = (
					"DEBUG=1",
					"$(inherited)",
				);
				GCC_WARN_64_TO_32_BIT_CONVERSION = YES;
				GCC_WARN_ABOUT_RETURN_TYPE = YES_ERROR;
				GCC_WARN_UNDECLARED_SELECTOR = YES;
				GCC_WARN_UNINITIALIZED_AUTOS = YES_AGGRESSIVE;
				GCC_WARN_UNUSED_FUNCTION = YES;
				GCC_WARN_UNUSED_VARIABLE = YES;
				IPHONEOS_DEPLOYMENT_TARGET = 14.3;
				MTL_ENABLE_DEBUG_INFO = INCLUDE_SOURCE;
				MTL_FAST_MATH = YES;
				ONLY_ACTIVE_ARCH = YES;
				SDKROOT = iphoneos;
				SWIFT_ACTIVE_COMPILATION_CONDITIONS = DEBUG;
				SWIFT_OPTIMIZATION_LEVEL = "-Onone";
			};
			name = Debug;
		};
		460EF0FC2692E8F200CCC52D /* Release */ = {
			isa = XCBuildConfiguration;
			buildSettings = {
				ALWAYS_SEARCH_USER_PATHS = NO;
				CLANG_ANALYZER_NONNULL = YES;
				CLANG_ANALYZER_NUMBER_OBJECT_CONVERSION = YES_AGGRESSIVE;
				CLANG_CXX_LANGUAGE_STANDARD = "gnu++14";
				CLANG_CXX_LIBRARY = "libc++";
				CLANG_ENABLE_MODULES = YES;
				CLANG_ENABLE_OBJC_ARC = YES;
				CLANG_ENABLE_OBJC_WEAK = YES;
				CLANG_WARN_BLOCK_CAPTURE_AUTORELEASING = YES;
				CLANG_WARN_BOOL_CONVERSION = YES;
				CLANG_WARN_COMMA = YES;
				CLANG_WARN_CONSTANT_CONVERSION = YES;
				CLANG_WARN_DEPRECATED_OBJC_IMPLEMENTATIONS = YES;
				CLANG_WARN_DIRECT_OBJC_ISA_USAGE = YES_ERROR;
				CLANG_WARN_DOCUMENTATION_COMMENTS = YES;
				CLANG_WARN_EMPTY_BODY = YES;
				CLANG_WARN_ENUM_CONVERSION = YES;
				CLANG_WARN_INFINITE_RECURSION = YES;
				CLANG_WARN_INT_CONVERSION = YES;
				CLANG_WARN_NON_LITERAL_NULL_CONVERSION = YES;
				CLANG_WARN_OBJC_IMPLICIT_RETAIN_SELF = YES;
				CLANG_WARN_OBJC_LITERAL_CONVERSION = YES;
				CLANG_WARN_OBJC_ROOT_CLASS = YES_ERROR;
				CLANG_WARN_QUOTED_INCLUDE_IN_FRAMEWORK_HEADER = YES;
				CLANG_WARN_RANGE_LOOP_ANALYSIS = YES;
				CLANG_WARN_STRICT_PROTOTYPES = YES;
				CLANG_WARN_SUSPICIOUS_MOVE = YES;
				CLANG_WARN_UNGUARDED_AVAILABILITY = YES_AGGRESSIVE;
				CLANG_WARN_UNREACHABLE_CODE = YES;
				CLANG_WARN__DUPLICATE_METHOD_MATCH = YES;
				COPY_PHASE_STRIP = NO;
				DEBUG_INFORMATION_FORMAT = "dwarf-with-dsym";
				ENABLE_NS_ASSERTIONS = NO;
				ENABLE_STRICT_OBJC_MSGSEND = YES;
				GCC_C_LANGUAGE_STANDARD = gnu11;
				GCC_NO_COMMON_BLOCKS = YES;
				GCC_WARN_64_TO_32_BIT_CONVERSION = YES;
				GCC_WARN_ABOUT_RETURN_TYPE = YES_ERROR;
				GCC_WARN_UNDECLARED_SELECTOR = YES;
				GCC_WARN_UNINITIALIZED_AUTOS = YES_AGGRESSIVE;
				GCC_WARN_UNUSED_FUNCTION = YES;
				GCC_WARN_UNUSED_VARIABLE = YES;
				IPHONEOS_DEPLOYMENT_TARGET = 14.3;
				MTL_ENABLE_DEBUG_INFO = NO;
				MTL_FAST_MATH = YES;
				SDKROOT = iphoneos;
				SWIFT_COMPILATION_MODE = wholemodule;
				SWIFT_OPTIMIZATION_LEVEL = "-O";
				VALIDATE_PRODUCT = YES;
			};
			name = Release;
		};
		460EF0FE2692E8F200CCC52D /* Debug */ = {
			isa = XCBuildConfiguration;
			buildSettings = {
				ASSETCATALOG_COMPILER_APPICON_NAME = AppIcon;
				ASSETCATALOG_COMPILER_GLOBAL_ACCENT_COLOR_NAME = AccentColor;
				CODE_SIGN_STYLE = Automatic;
				DEVELOPMENT_TEAM = R4778782G2;
				INFOPLIST_FILE = FLOMusicPlayer/Info.plist;
				LD_RUNPATH_SEARCH_PATHS = (
					"$(inherited)",
					"@executable_path/Frameworks",
				);
				PRODUCT_BUNDLE_IDENTIFIER = com.taejeong.FLOMusicPlayer;
				PRODUCT_NAME = "$(TARGET_NAME)";
				SWIFT_VERSION = 5.0;
				TARGETED_DEVICE_FAMILY = "1,2";
			};
			name = Debug;
		};
		460EF0FF2692E8F200CCC52D /* Release */ = {
			isa = XCBuildConfiguration;
			buildSettings = {
				ASSETCATALOG_COMPILER_APPICON_NAME = AppIcon;
				ASSETCATALOG_COMPILER_GLOBAL_ACCENT_COLOR_NAME = AccentColor;
				CODE_SIGN_STYLE = Automatic;
				DEVELOPMENT_TEAM = R4778782G2;
				INFOPLIST_FILE = FLOMusicPlayer/Info.plist;
				LD_RUNPATH_SEARCH_PATHS = (
					"$(inherited)",
					"@executable_path/Frameworks",
				);
				PRODUCT_BUNDLE_IDENTIFIER = com.taejeong.FLOMusicPlayer;
				PRODUCT_NAME = "$(TARGET_NAME)";
				SWIFT_VERSION = 5.0;
				TARGETED_DEVICE_FAMILY = "1,2";
			};
			name = Release;
		};
		460EF1012692E8F200CCC52D /* Debug */ = {
			isa = XCBuildConfiguration;
			buildSettings = {
				ALWAYS_EMBED_SWIFT_STANDARD_LIBRARIES = YES;
				BUNDLE_LOADER = "$(TEST_HOST)";
				CODE_SIGN_STYLE = Automatic;
				DEVELOPMENT_TEAM = R4778782G2;
				INFOPLIST_FILE = FLOMusicPlayerTests/Info.plist;
				IPHONEOS_DEPLOYMENT_TARGET = 14.3;
				LD_RUNPATH_SEARCH_PATHS = (
					"$(inherited)",
					"@executable_path/Frameworks",
					"@loader_path/Frameworks",
				);
				PRODUCT_BUNDLE_IDENTIFIER = com.taejeong.FLOMusicPlayerTests;
				PRODUCT_NAME = "$(TARGET_NAME)";
				SWIFT_VERSION = 5.0;
				TARGETED_DEVICE_FAMILY = "1,2";
				TEST_HOST = "$(BUILT_PRODUCTS_DIR)/FLOMusicPlayer.app/FLOMusicPlayer";
			};
			name = Debug;
		};
		460EF1022692E8F200CCC52D /* Release */ = {
			isa = XCBuildConfiguration;
			buildSettings = {
				ALWAYS_EMBED_SWIFT_STANDARD_LIBRARIES = YES;
				BUNDLE_LOADER = "$(TEST_HOST)";
				CODE_SIGN_STYLE = Automatic;
				DEVELOPMENT_TEAM = R4778782G2;
				INFOPLIST_FILE = FLOMusicPlayerTests/Info.plist;
				IPHONEOS_DEPLOYMENT_TARGET = 14.3;
				LD_RUNPATH_SEARCH_PATHS = (
					"$(inherited)",
					"@executable_path/Frameworks",
					"@loader_path/Frameworks",
				);
				PRODUCT_BUNDLE_IDENTIFIER = com.taejeong.FLOMusicPlayerTests;
				PRODUCT_NAME = "$(TARGET_NAME)";
				SWIFT_VERSION = 5.0;
				TARGETED_DEVICE_FAMILY = "1,2";
				TEST_HOST = "$(BUILT_PRODUCTS_DIR)/FLOMusicPlayer.app/FLOMusicPlayer";
			};
			name = Release;
		};
		460EF1042692E8F200CCC52D /* Debug */ = {
			isa = XCBuildConfiguration;
			buildSettings = {
				ALWAYS_EMBED_SWIFT_STANDARD_LIBRARIES = YES;
				CODE_SIGN_STYLE = Automatic;
				DEVELOPMENT_TEAM = R4778782G2;
				INFOPLIST_FILE = FLOMusicPlayerUITests/Info.plist;
				LD_RUNPATH_SEARCH_PATHS = (
					"$(inherited)",
					"@executable_path/Frameworks",
					"@loader_path/Frameworks",
				);
				PRODUCT_BUNDLE_IDENTIFIER = com.taejeong.FLOMusicPlayerUITests;
				PRODUCT_NAME = "$(TARGET_NAME)";
				SWIFT_VERSION = 5.0;
				TARGETED_DEVICE_FAMILY = "1,2";
				TEST_TARGET_NAME = FLOMusicPlayer;
			};
			name = Debug;
		};
		460EF1052692E8F200CCC52D /* Release */ = {
			isa = XCBuildConfiguration;
			buildSettings = {
				ALWAYS_EMBED_SWIFT_STANDARD_LIBRARIES = YES;
				CODE_SIGN_STYLE = Automatic;
				DEVELOPMENT_TEAM = R4778782G2;
				INFOPLIST_FILE = FLOMusicPlayerUITests/Info.plist;
				LD_RUNPATH_SEARCH_PATHS = (
					"$(inherited)",
					"@executable_path/Frameworks",
					"@loader_path/Frameworks",
				);
				PRODUCT_BUNDLE_IDENTIFIER = com.taejeong.FLOMusicPlayerUITests;
				PRODUCT_NAME = "$(TARGET_NAME)";
				SWIFT_VERSION = 5.0;
				TARGETED_DEVICE_FAMILY = "1,2";
				TEST_TARGET_NAME = FLOMusicPlayer;
			};
			name = Release;
		};
/* End XCBuildConfiguration section */

/* Begin XCConfigurationList section */
		460EF0CE2692E8F000CCC52D /* Build configuration list for PBXProject "FLOMusicPlayer" */ = {
			isa = XCConfigurationList;
			buildConfigurations = (
				460EF0FB2692E8F200CCC52D /* Debug */,
				460EF0FC2692E8F200CCC52D /* Release */,
			);
			defaultConfigurationIsVisible = 0;
			defaultConfigurationName = Release;
		};
		460EF0FD2692E8F200CCC52D /* Build configuration list for PBXNativeTarget "FLOMusicPlayer" */ = {
			isa = XCConfigurationList;
			buildConfigurations = (
				460EF0FE2692E8F200CCC52D /* Debug */,
				460EF0FF2692E8F200CCC52D /* Release */,
			);
			defaultConfigurationIsVisible = 0;
			defaultConfigurationName = Release;
		};
		460EF1002692E8F200CCC52D /* Build configuration list for PBXNativeTarget "FLOMusicPlayerTests" */ = {
			isa = XCConfigurationList;
			buildConfigurations = (
				460EF1012692E8F200CCC52D /* Debug */,
				460EF1022692E8F200CCC52D /* Release */,
			);
			defaultConfigurationIsVisible = 0;
			defaultConfigurationName = Release;
		};
		460EF1032692E8F200CCC52D /* Build configuration list for PBXNativeTarget "FLOMusicPlayerUITests" */ = {
			isa = XCConfigurationList;
			buildConfigurations = (
				460EF1042692E8F200CCC52D /* Debug */,
				460EF1052692E8F200CCC52D /* Release */,
			);
			defaultConfigurationIsVisible = 0;
			defaultConfigurationName = Release;
		};
/* End XCConfigurationList section */
	};
	rootObject = 460EF0CB2692E8F000CCC52D /* Project object */;
}
